
Microsoft Visual Studio Solution File, Format Version 12.00
# Visual Studio Version 17
VisualStudioVersion = 17.13.35818.85 d17.13
MinimumVisualStudioVersion = 10.0.40219.1
Project("{FAE04EC0-301F-11D3-BF4B-00C04F79EFBC}") = "GraphChiCharp", "GraphChiCharp.csproj", "{B7FBBEF1-9448-464B-8747-3102B1837A9F}"
EndProject
Global
	GlobalSection(SolutionConfigurationPlatforms) = preSolution
		Debug|Any CPU = Debug|Any CPU
		Release|Any CPU = Release|Any CPU
	EndGlobalSection
	GlobalSection(ProjectConfigurationPlatforms) = postSolution
		{B7FBBEF1-9448-464B-8747-3102B1837A9F}.Debug|Any CPU.ActiveCfg = Debug|Any CPU
		{B7FBBEF1-9448-464B-8747-3102B1837A9F}.Debug|Any CPU.Build.0 = Debug|Any CPU
		{B7FBBEF1-9448-464B-8747-3102B1837A9F}.Release|Any CPU.ActiveCfg = Release|Any CPU
		{B7FBBEF1-9448-464B-8747-3102B1837A9F}.Release|Any CPU.Build.0 = Release|Any CPU
	EndGlobalSection
	GlobalSection(SolutionProperties) = preSolution
		HideSolutionNode = FALSE
	EndGlobalSection
	GlobalSection(ExtensibilityGlobals) = postSolution
		SolutionGuid = {1CE75D41-1F95-414D-9CD7-FC4FEE86208E}
	EndGlobalSection
EndGlobal
